
Microsoft Visual Studio Solution File, Format Version 12.00
# Visual Studio Version 17
VisualStudioVersion = 17.13.35931.197 d17.13
MinimumVisualStudioVersion = 10.0.40219.1
Project("{FAE04EC0-301F-11D3-BF4B-00C04F79EFBC}") = "MCP_AdoNet_Server", "MCP_AdoNet_Server.csproj", "{58BBC40D-D780-1101-B61E-5CF1702BD8AA}"
EndProject
Global
	GlobalSection(SolutionConfigurationPlatforms) = preSolution
		Debug|Any CPU = Debug|Any CPU
		Release|Any CPU = Release|Any CPU
	EndGlobalSection
	GlobalSection(ProjectConfigurationPlatforms) = postSolution
		{58BBC40D-D780-1101-B61E-5CF1702BD8AA}.Debug|Any CPU.ActiveCfg = Debug|Any CPU
		{58BBC40D-D780-1101-B61E-5CF1702BD8AA}.Debug|Any CPU.Build.0 = Debug|Any CPU
		{58BBC40D-D780-1101-B61E-5CF1702BD8AA}.Release|Any CPU.ActiveCfg = Release|Any CPU
		{58BBC40D-D780-1101-B61E-5CF1702BD8AA}.Release|Any CPU.Build.0 = Release|Any CPU
	EndGlobalSection
	GlobalSection(SolutionProperties) = preSolution
		HideSolutionNode = FALSE
	EndGlobalSection
	GlobalSection(ExtensibilityGlobals) = postSolution
		SolutionGuid = {83679894-DAAD-45E0-BC1E-99CDEDD3BC47}
	EndGlobalSection
EndGlobal
